{
  "lockfileVersion": 1,
  "workspaces": {
    "": {
      "name": "ui",
      "dependencies": {
        "@hey-api/client-fetch": "^0.8.3",
        "@types/ace": "^0.0.52",
        "ace-code": "^1.39.1",
        "ace-linters": "^1.5.1",
        "ace-python-ruff-linter": "^1.1.0",
        "flowbite": "^3.1.2",
        "flowbite-svelte": "^0.47.4",
        "flowbite-svelte-icons": "^2.1.0",
        "lucide-svelte": "^0.477.0",
      },
      "devDependencies": {
        "@hey-api/openapi-ts": "^0.64.13",
        "@sveltejs/adapter-static": "^3.0.8",
        "@sveltejs/kit": "^2.20.2",
        "@sveltejs/vite-plugin-svelte": "^5.0.3",
        "@tailwindcss/vite": "^4.0.15",
        "prettier": "^3.5.3",
        "prettier-plugin-svelte": "^3.3.3",
        "svelte": "^5.25.3",
        "svelte-check": "^4.1.5",
        "tailwindcss": "^4.0.15",
        "typescript": "^5.8.2",
        "vite": "^6.2.2",
      },
    },
  },
  "packages": {
    "@ampproject/remapping": ["@ampproject/remapping@2.3.0", "", { "dependencies": { "@jridgewell/gen-mapping": "^0.3.5", "@jridgewell/trace-mapping": "^0.3.24" } }, "sha512-30iZtAPgz+LTIYoeivqYo853f02jBYSd5uGnGpkFV0M3xOt9aN73erkgYAmZU43x4VfqcnLxW9Kpg3R5LC4YYw=="],

    "@esbuild/aix-ppc64": ["@esbuild/aix-ppc64@0.25.1", "", { "os": "aix", "cpu": "ppc64" }, "sha512-kfYGy8IdzTGy+z0vFGvExZtxkFlA4zAxgKEahG9KE1ScBjpQnFsNOX8KTU5ojNru5ed5CVoJYXFtoxaq5nFbjQ=="],

    "@esbuild/android-arm": ["@esbuild/android-arm@0.25.1", "", { "os": "android", "cpu": "arm" }, "sha512-dp+MshLYux6j/JjdqVLnMglQlFu+MuVeNrmT5nk6q07wNhCdSnB7QZj+7G8VMUGh1q+vj2Bq8kRsuyA00I/k+Q=="],

    "@esbuild/android-arm64": ["@esbuild/android-arm64@0.25.1", "", { "os": "android", "cpu": "arm64" }, "sha512-50tM0zCJW5kGqgG7fQ7IHvQOcAn9TKiVRuQ/lN0xR+T2lzEFvAi1ZcS8DiksFcEpf1t/GYOeOfCAgDHFpkiSmA=="],

    "@esbuild/android-x64": ["@esbuild/android-x64@0.25.1", "", { "os": "android", "cpu": "x64" }, "sha512-GCj6WfUtNldqUzYkN/ITtlhwQqGWu9S45vUXs7EIYf+7rCiiqH9bCloatO9VhxsL0Pji+PF4Lz2XXCES+Q8hDw=="],

    "@esbuild/darwin-arm64": ["@esbuild/darwin-arm64@0.25.1", "", { "os": "darwin", "cpu": "arm64" }, "sha512-5hEZKPf+nQjYoSr/elb62U19/l1mZDdqidGfmFutVUjjUZrOazAtwK+Kr+3y0C/oeJfLlxo9fXb1w7L+P7E4FQ=="],

    "@esbuild/darwin-x64": ["@esbuild/darwin-x64@0.25.1", "", { "os": "darwin", "cpu": "x64" }, "sha512-hxVnwL2Dqs3fM1IWq8Iezh0cX7ZGdVhbTfnOy5uURtao5OIVCEyj9xIzemDi7sRvKsuSdtCAhMKarxqtlyVyfA=="],

    "@esbuild/freebsd-arm64": ["@esbuild/freebsd-arm64@0.25.1", "", { "os": "freebsd", "cpu": "arm64" }, "sha512-1MrCZs0fZa2g8E+FUo2ipw6jw5qqQiH+tERoS5fAfKnRx6NXH31tXBKI3VpmLijLH6yriMZsxJtaXUyFt/8Y4A=="],

    "@esbuild/freebsd-x64": ["@esbuild/freebsd-x64@0.25.1", "", { "os": "freebsd", "cpu": "x64" }, "sha512-0IZWLiTyz7nm0xuIs0q1Y3QWJC52R8aSXxe40VUxm6BB1RNmkODtW6LHvWRrGiICulcX7ZvyH6h5fqdLu4gkww=="],

    "@esbuild/linux-arm": ["@esbuild/linux-arm@0.25.1", "", { "os": "linux", "cpu": "arm" }, "sha512-NdKOhS4u7JhDKw9G3cY6sWqFcnLITn6SqivVArbzIaf3cemShqfLGHYMx8Xlm/lBit3/5d7kXvriTUGa5YViuQ=="],

    "@esbuild/linux-arm64": ["@esbuild/linux-arm64@0.25.1", "", { "os": "linux", "cpu": "arm64" }, "sha512-jaN3dHi0/DDPelk0nLcXRm1q7DNJpjXy7yWaWvbfkPvI+7XNSc/lDOnCLN7gzsyzgu6qSAmgSvP9oXAhP973uQ=="],

    "@esbuild/linux-ia32": ["@esbuild/linux-ia32@0.25.1", "", { "os": "linux", "cpu": "ia32" }, "sha512-OJykPaF4v8JidKNGz8c/q1lBO44sQNUQtq1KktJXdBLn1hPod5rE/Hko5ugKKZd+D2+o1a9MFGUEIUwO2YfgkQ=="],

    "@esbuild/linux-loong64": ["@esbuild/linux-loong64@0.25.1", "", { "os": "linux", "cpu": "none" }, "sha512-nGfornQj4dzcq5Vp835oM/o21UMlXzn79KobKlcs3Wz9smwiifknLy4xDCLUU0BWp7b/houtdrgUz7nOGnfIYg=="],

    "@esbuild/linux-mips64el": ["@esbuild/linux-mips64el@0.25.1", "", { "os": "linux", "cpu": "none" }, "sha512-1osBbPEFYwIE5IVB/0g2X6i1qInZa1aIoj1TdL4AaAb55xIIgbg8Doq6a5BzYWgr+tEcDzYH67XVnTmUzL+nXg=="],

    "@esbuild/linux-ppc64": ["@esbuild/linux-ppc64@0.25.1", "", { "os": "linux", "cpu": "ppc64" }, "sha512-/6VBJOwUf3TdTvJZ82qF3tbLuWsscd7/1w+D9LH0W/SqUgM5/JJD0lrJ1fVIfZsqB6RFmLCe0Xz3fmZc3WtyVg=="],

    "@esbuild/linux-riscv64": ["@esbuild/linux-riscv64@0.25.1", "", { "os": "linux", "cpu": "none" }, "sha512-nSut/Mx5gnilhcq2yIMLMe3Wl4FK5wx/o0QuuCLMtmJn+WeWYoEGDN1ipcN72g1WHsnIbxGXd4i/MF0gTcuAjQ=="],

    "@esbuild/linux-s390x": ["@esbuild/linux-s390x@0.25.1", "", { "os": "linux", "cpu": "s390x" }, "sha512-cEECeLlJNfT8kZHqLarDBQso9a27o2Zd2AQ8USAEoGtejOrCYHNtKP8XQhMDJMtthdF4GBmjR2au3x1udADQQQ=="],

    "@esbuild/linux-x64": ["@esbuild/linux-x64@0.25.1", "", { "os": "linux", "cpu": "x64" }, "sha512-xbfUhu/gnvSEg+EGovRc+kjBAkrvtk38RlerAzQxvMzlB4fXpCFCeUAYzJvrnhFtdeyVCDANSjJvOvGYoeKzFA=="],

    "@esbuild/netbsd-arm64": ["@esbuild/netbsd-arm64@0.25.1", "", { "os": "none", "cpu": "arm64" }, "sha512-O96poM2XGhLtpTh+s4+nP7YCCAfb4tJNRVZHfIE7dgmax+yMP2WgMd2OecBuaATHKTHsLWHQeuaxMRnCsH8+5g=="],

    "@esbuild/netbsd-x64": ["@esbuild/netbsd-x64@0.25.1", "", { "os": "none", "cpu": "x64" }, "sha512-X53z6uXip6KFXBQ+Krbx25XHV/NCbzryM6ehOAeAil7X7oa4XIq+394PWGnwaSQ2WRA0KI6PUO6hTO5zeF5ijA=="],

    "@esbuild/openbsd-arm64": ["@esbuild/openbsd-arm64@0.25.1", "", { "os": "openbsd", "cpu": "arm64" }, "sha512-Na9T3szbXezdzM/Kfs3GcRQNjHzM6GzFBeU1/6IV/npKP5ORtp9zbQjvkDJ47s6BCgaAZnnnu/cY1x342+MvZg=="],

    "@esbuild/openbsd-x64": ["@esbuild/openbsd-x64@0.25.1", "", { "os": "openbsd", "cpu": "x64" }, "sha512-T3H78X2h1tszfRSf+txbt5aOp/e7TAz3ptVKu9Oyir3IAOFPGV6O9c2naym5TOriy1l0nNf6a4X5UXRZSGX/dw=="],

    "@esbuild/sunos-x64": ["@esbuild/sunos-x64@0.25.1", "", { "os": "sunos", "cpu": "x64" }, "sha512-2H3RUvcmULO7dIE5EWJH8eubZAI4xw54H1ilJnRNZdeo8dTADEZ21w6J22XBkXqGJbe0+wnNJtw3UXRoLJnFEg=="],

    "@esbuild/win32-arm64": ["@esbuild/win32-arm64@0.25.1", "", { "os": "win32", "cpu": "arm64" }, "sha512-GE7XvrdOzrb+yVKB9KsRMq+7a2U/K5Cf/8grVFRAGJmfADr/e/ODQ134RK2/eeHqYV5eQRFxb1hY7Nr15fv1NQ=="],

    "@esbuild/win32-ia32": ["@esbuild/win32-ia32@0.25.1", "", { "os": "win32", "cpu": "ia32" }, "sha512-uOxSJCIcavSiT6UnBhBzE8wy3n0hOkJsBOzy7HDAuTDE++1DJMRRVCPGisULScHL+a/ZwdXPpXD3IyFKjA7K8A=="],

    "@esbuild/win32-x64": ["@esbuild/win32-x64@0.25.1", "", { "os": "win32", "cpu": "x64" }, "sha512-Y1EQdcfwMSeQN/ujR5VayLOJ1BHaK+ssyk0AEzPjC+t1lITgsnccPqFjb6V+LsTp/9Iov4ysfjxLaGJ9RPtkVg=="],

    "@floating-ui/core": ["@floating-ui/core@1.6.9", "", { "dependencies": { "@floating-ui/utils": "^0.2.9" } }, "sha512-uMXCuQ3BItDUbAMhIXw7UPXRfAlOAvZzdK9BWpE60MCn+Svt3aLn9jsPTi/WNGlRUu2uI0v5S7JiIUsbsvh3fw=="],

    "@floating-ui/dom": ["@floating-ui/dom@1.6.13", "", { "dependencies": { "@floating-ui/core": "^1.6.0", "@floating-ui/utils": "^0.2.9" } }, "sha512-umqzocjDgNRGTuO7Q8CU32dkHkECqI8ZdMZ5Swb6QAM0t5rnlrN3lGo1hdpscRd3WS8T6DKYK4ephgIH9iRh3w=="],

    "@floating-ui/utils": ["@floating-ui/utils@0.2.9", "", {}, "sha512-MDWhGtE+eHw5JW7lq4qhc5yRLS11ERl1c7Z6Xd0a58DozHES6EnNNwUWbMiG4J9Cgj053Bhk8zvlhFYKVhULwg=="],

    "@hey-api/client-fetch": ["@hey-api/client-fetch@0.8.3", "", {}, "sha512-EBVa8wwUMyBSeQ32PtCz6u5bFQZIMAufvwCT1ZtpjqT3caJQEza4NokbGU50q1ZVrMsM5Ot6GuDNJOF3TMo26Q=="],

    "@hey-api/json-schema-ref-parser": ["@hey-api/json-schema-ref-parser@1.0.3", "", { "dependencies": { "@jsdevtools/ono": "^7.1.3", "@types/json-schema": "^7.0.15", "js-yaml": "^4.1.0" } }, "sha512-jgyNFPUReGpdB0ihWv6m+Q3dcawtXx4t6cvi0NS4xxblulcCfEjThP5xVwShFiTRScckIQ/GsuZv20arRTIDkg=="],

    "@hey-api/openapi-ts": ["@hey-api/openapi-ts@0.64.13", "", { "dependencies": { "@hey-api/json-schema-ref-parser": "1.0.3", "c12": "2.0.1", "commander": "13.0.0", "handlebars": "4.7.8" }, "peerDependencies": { "typescript": "^5.5.3" }, "bin": { "openapi-ts": "bin/index.cjs" } }, "sha512-KOf/bQ9JbGJFsdQjUrne3ZttoJm/68kG00oc/5VovduMAoX0gUyGNpZ+yppvUdLvmxL1GvaGut2JFk0XSZxIlw=="],

    "@jridgewell/gen-mapping": ["@jridgewell/gen-mapping@0.3.8", "", { "dependencies": { "@jridgewell/set-array": "^1.2.1", "@jridgewell/sourcemap-codec": "^1.4.10", "@jridgewell/trace-mapping": "^0.3.24" } }, "sha512-imAbBGkb+ebQyxKgzv5Hu2nmROxoDOXHh80evxdoXNOrvAnVx7zimzc1Oo5h9RlfV4vPXaE2iM5pOFbvOCClWA=="],

    "@jridgewell/resolve-uri": ["@jridgewell/resolve-uri@3.1.2", "", {}, "sha512-bRISgCIjP20/tbWSPWMEi54QVPRZExkuD9lJL+UIxUKtwVJA8wW1Trb1jMs1RFXo1CBTNZ/5hpC9QvmKWdopKw=="],

    "@jridgewell/set-array": ["@jridgewell/set-array@1.2.1", "", {}, "sha512-R8gLRTZeyp03ymzP/6Lil/28tGeGEzhx1q2k703KGWRAI1VdvPIXdG70VJc2pAMw3NA6JKL5hhFu1sJX0Mnn/A=="],

    "@jridgewell/sourcemap-codec": ["@jridgewell/sourcemap-codec@1.5.0", "", {}, "sha512-gv3ZRaISU3fjPAgNsriBRqGWQL6quFx04YMPW/zD8XMLsU32mhCCbfbO6KZFLjvYpCZ8zyDEgqsgf+PwPaM7GQ=="],

    "@jridgewell/trace-mapping": ["@jridgewell/trace-mapping@0.3.25", "", { "dependencies": { "@jridgewell/resolve-uri": "^3.1.0", "@jridgewell/sourcemap-codec": "^1.4.14" } }, "sha512-vNk6aEwybGtawWmy/PzwnGDOjCkLWSD2wqvjGGAgOAwCGWySYXfYoxt00IJkTF+8Lb57DwOb3Aa0o9CApepiYQ=="],

    "@jsdevtools/ono": ["@jsdevtools/ono@7.1.3", "", {}, "sha512-4JQNk+3mVzK3xh2rqd6RB4J46qUR19azEHBneZyTZM+c456qOrbbM/5xcR8huNCCcbVt7+UmizG6GuUvPvKUYg=="],

    "@polka/url": ["@polka/url@1.0.0-next.28", "", {}, "sha512-8LduaNlMZGwdZ6qWrKlfa+2M4gahzFkprZiAt2TF8uS0qQgBizKXpXURqvTJ4WtmupWxaLqjRb2UCTe72mu+Aw=="],

    "@popperjs/core": ["@popperjs/core@2.11.8", "", {}, "sha512-P1st0aksCrn9sGZhp8GMYwBnQsbvAWsZAX44oXNNvLHGqAOcoVxmjZiohstwQ7SqKnbR47akdNi+uleWD8+g6A=="],

    "@rollup/plugin-node-resolve": ["@rollup/plugin-node-resolve@15.3.1", "", { "dependencies": { "@rollup/pluginutils": "^5.0.1", "@types/resolve": "1.20.2", "deepmerge": "^4.2.2", "is-module": "^1.0.0", "resolve": "^1.22.1" }, "peerDependencies": { "rollup": "^2.78.0||^3.0.0||^4.0.0" }, "optionalPeers": ["rollup"] }, "sha512-tgg6b91pAybXHJQMAAwW9VuWBO6Thi+q7BCNARLwSqlmsHz0XYURtGvh/AuwSADXSI4h/2uHbs7s4FzlZDGSGA=="],

    "@rollup/pluginutils": ["@rollup/pluginutils@5.1.4", "", { "dependencies": { "@types/estree": "^1.0.0", "estree-walker": "^2.0.2", "picomatch": "^4.0.2" }, "peerDependencies": { "rollup": "^1.20.0||^2.0.0||^3.0.0||^4.0.0" }, "optionalPeers": ["rollup"] }, "sha512-USm05zrsFxYLPdWWq+K3STlWiT/3ELn3RcV5hJMghpeAIhxfsUIg6mt12CBJBInWMV4VneoV7SfGv8xIwo2qNQ=="],

    "@rollup/rollup-android-arm-eabi": ["@rollup/rollup-android-arm-eabi@4.34.6", "", { "os": "android", "cpu": "arm" }, "sha512-+GcCXtOQoWuC7hhX1P00LqjjIiS/iOouHXhMdiDSnq/1DGTox4SpUvO52Xm+div6+106r+TcvOeo/cxvyEyTgg=="],

    "@rollup/rollup-android-arm64": ["@rollup/rollup-android-arm64@4.34.6", "", { "os": "android", "cpu": "arm64" }, "sha512-E8+2qCIjciYUnCa1AiVF1BkRgqIGW9KzJeesQqVfyRITGQN+dFuoivO0hnro1DjT74wXLRZ7QF8MIbz+luGaJA=="],

    "@rollup/rollup-darwin-arm64": ["@rollup/rollup-darwin-arm64@4.34.6", "", { "os": "darwin", "cpu": "arm64" }, "sha512-z9Ib+OzqN3DZEjX7PDQMHEhtF+t6Mi2z/ueChQPLS/qUMKY7Ybn5A2ggFoKRNRh1q1T03YTQfBTQCJZiepESAg=="],

    "@rollup/rollup-darwin-x64": ["@rollup/rollup-darwin-x64@4.34.6", "", { "os": "darwin", "cpu": "x64" }, "sha512-PShKVY4u0FDAR7jskyFIYVyHEPCPnIQY8s5OcXkdU8mz3Y7eXDJPdyM/ZWjkYdR2m0izD9HHWA8sGcXn+Qrsyg=="],

    "@rollup/rollup-freebsd-arm64": ["@rollup/rollup-freebsd-arm64@4.34.6", "", { "os": "freebsd", "cpu": "arm64" }, "sha512-YSwyOqlDAdKqs0iKuqvRHLN4SrD2TiswfoLfvYXseKbL47ht1grQpq46MSiQAx6rQEN8o8URtpXARCpqabqxGQ=="],

    "@rollup/rollup-freebsd-x64": ["@rollup/rollup-freebsd-x64@4.34.6", "", { "os": "freebsd", "cpu": "x64" }, "sha512-HEP4CgPAY1RxXwwL5sPFv6BBM3tVeLnshF03HMhJYCNc6kvSqBgTMmsEjb72RkZBAWIqiPUyF1JpEBv5XT9wKQ=="],

    "@rollup/rollup-linux-arm-gnueabihf": ["@rollup/rollup-linux-arm-gnueabihf@4.34.6", "", { "os": "linux", "cpu": "arm" }, "sha512-88fSzjC5xeH9S2Vg3rPgXJULkHcLYMkh8faix8DX4h4TIAL65ekwuQMA/g2CXq8W+NJC43V6fUpYZNjaX3+IIg=="],

    "@rollup/rollup-linux-arm-musleabihf": ["@rollup/rollup-linux-arm-musleabihf@4.34.6", "", { "os": "linux", "cpu": "arm" }, "sha512-wM4ztnutBqYFyvNeR7Av+reWI/enK9tDOTKNF+6Kk2Q96k9bwhDDOlnCUNRPvromlVXo04riSliMBs/Z7RteEg=="],

    "@rollup/rollup-linux-arm64-gnu": ["@rollup/rollup-linux-arm64-gnu@4.34.6", "", { "os": "linux", "cpu": "arm64" }, "sha512-9RyprECbRa9zEjXLtvvshhw4CMrRa3K+0wcp3KME0zmBe1ILmvcVHnypZ/aIDXpRyfhSYSuN4EPdCCj5Du8FIA=="],

    "@rollup/rollup-linux-arm64-musl": ["@rollup/rollup-linux-arm64-musl@4.34.6", "", { "os": "linux", "cpu": "arm64" }, "sha512-qTmklhCTyaJSB05S+iSovfo++EwnIEZxHkzv5dep4qoszUMX5Ca4WM4zAVUMbfdviLgCSQOu5oU8YoGk1s6M9Q=="],

    "@rollup/rollup-linux-loongarch64-gnu": ["@rollup/rollup-linux-loongarch64-gnu@4.34.6", "", { "os": "linux", "cpu": "none" }, "sha512-4Qmkaps9yqmpjY5pvpkfOerYgKNUGzQpFxV6rnS7c/JfYbDSU0y6WpbbredB5cCpLFGJEqYX40WUmxMkwhWCjw=="],

    "@rollup/rollup-linux-powerpc64le-gnu": ["@rollup/rollup-linux-powerpc64le-gnu@4.34.6", "", { "os": "linux", "cpu": "ppc64" }, "sha512-Zsrtux3PuaxuBTX/zHdLaFmcofWGzaWW1scwLU3ZbW/X+hSsFbz9wDIp6XvnT7pzYRl9MezWqEqKy7ssmDEnuQ=="],

    "@rollup/rollup-linux-riscv64-gnu": ["@rollup/rollup-linux-riscv64-gnu@4.34.6", "", { "os": "linux", "cpu": "none" }, "sha512-aK+Zp+CRM55iPrlyKiU3/zyhgzWBxLVrw2mwiQSYJRobCURb781+XstzvA8Gkjg/hbdQFuDw44aUOxVQFycrAg=="],

    "@rollup/rollup-linux-s390x-gnu": ["@rollup/rollup-linux-s390x-gnu@4.34.6", "", { "os": "linux", "cpu": "s390x" }, "sha512-WoKLVrY9ogmaYPXwTH326+ErlCIgMmsoRSx6bO+l68YgJnlOXhygDYSZe/qbUJCSiCiZAQ+tKm88NcWuUXqOzw=="],

    "@rollup/rollup-linux-x64-gnu": ["@rollup/rollup-linux-x64-gnu@4.34.6", "", { "os": "linux", "cpu": "x64" }, "sha512-Sht4aFvmA4ToHd2vFzwMFaQCiYm2lDFho5rPcvPBT5pCdC+GwHG6CMch4GQfmWTQ1SwRKS0dhDYb54khSrjDWw=="],

    "@rollup/rollup-linux-x64-musl": ["@rollup/rollup-linux-x64-musl@4.34.6", "", { "os": "linux", "cpu": "x64" }, "sha512-zmmpOQh8vXc2QITsnCiODCDGXFC8LMi64+/oPpPx5qz3pqv0s6x46ps4xoycfUiVZps5PFn1gksZzo4RGTKT+A=="],

    "@rollup/rollup-win32-arm64-msvc": ["@rollup/rollup-win32-arm64-msvc@4.34.6", "", { "os": "win32", "cpu": "arm64" }, "sha512-3/q1qUsO/tLqGBaD4uXsB6coVGB3usxw3qyeVb59aArCgedSF66MPdgRStUd7vbZOsko/CgVaY5fo2vkvPLWiA=="],

    "@rollup/rollup-win32-ia32-msvc": ["@rollup/rollup-win32-ia32-msvc@4.34.6", "", { "os": "win32", "cpu": "ia32" }, "sha512-oLHxuyywc6efdKVTxvc0135zPrRdtYVjtVD5GUm55I3ODxhU/PwkQFD97z16Xzxa1Fz0AEe4W/2hzRtd+IfpOA=="],

    "@rollup/rollup-win32-x64-msvc": ["@rollup/rollup-win32-x64-msvc@4.34.6", "", { "os": "win32", "cpu": "x64" }, "sha512-0PVwmgzZ8+TZ9oGBmdZoQVXflbvuwzN/HRclujpl4N/q3i+y0lqLw8n1bXA8ru3sApDjlmONaNAuYr38y1Kr9w=="],

    "@sveltejs/acorn-typescript": ["@sveltejs/acorn-typescript@1.0.5", "", { "peerDependencies": { "acorn": "^8.9.0" } }, "sha512-IwQk4yfwLdibDlrXVE04jTZYlLnwsTT2PIOQQGNLWfjavGifnk1JD1LcZjZaBTRcxZu2FfPfNLOE04DSu9lqtQ=="],

    "@sveltejs/adapter-static": ["@sveltejs/adapter-static@3.0.8", "", { "peerDependencies": { "@sveltejs/kit": "^2.0.0" } }, "sha512-YaDrquRpZwfcXbnlDsSrBQNCChVOT9MGuSg+dMAyfsAa1SmiAhrA5jUYUiIMC59G92kIbY/AaQOWcBdq+lh+zg=="],

    "@sveltejs/kit": ["@sveltejs/kit@2.20.2", "", { "dependencies": { "@types/cookie": "^0.6.0", "cookie": "^0.6.0", "devalue": "^5.1.0", "esm-env": "^1.2.2", "import-meta-resolve": "^4.1.0", "kleur": "^4.1.5", "magic-string": "^0.30.5", "mrmime": "^2.0.0", "sade": "^1.8.1", "set-cookie-parser": "^2.6.0", "sirv": "^3.0.0" }, "peerDependencies": { "@sveltejs/vite-plugin-svelte": "^3.0.0 || ^4.0.0-next.1 || ^5.0.0", "svelte": "^4.0.0 || ^5.0.0-next.0", "vite": "^5.0.3 || ^6.0.0" }, "bin": { "svelte-kit": "svelte-kit.js" } }, "sha512-Dv8TOAZC9vyfcAB9TMsvUEJsRbklRTeNfcYBPaeH6KnABJ99i3CvCB2eNx8fiiliIqe+9GIchBg4RodRH5p1BQ=="],

    "@sveltejs/vite-plugin-svelte": ["@sveltejs/vite-plugin-svelte@5.0.3", "", { "dependencies": { "@sveltejs/vite-plugin-svelte-inspector": "^4.0.1", "debug": "^4.4.0", "deepmerge": "^4.3.1", "kleur": "^4.1.5", "magic-string": "^0.30.15", "vitefu": "^1.0.4" }, "peerDependencies": { "svelte": "^5.0.0", "vite": "^6.0.0" } }, "sha512-MCFS6CrQDu1yGwspm4qtli0e63vaPCehf6V7pIMP15AsWgMKrqDGCPFF/0kn4SP0ii4aySu4Pa62+fIRGFMjgw=="],

    "@sveltejs/vite-plugin-svelte-inspector": ["@sveltejs/vite-plugin-svelte-inspector@4.0.1", "", { "dependencies": { "debug": "^4.3.7" }, "peerDependencies": { "@sveltejs/vite-plugin-svelte": "^5.0.0", "svelte": "^5.0.0", "vite": "^6.0.0" } }, "sha512-J/Nmb2Q2y7mck2hyCX4ckVHcR5tu2J+MtBEQqpDrrgELZ2uvraQcK/ioCV61AqkdXFgriksOKIceDcQmqnGhVw=="],

    "@tailwindcss/node": ["@tailwindcss/node@4.0.15", "", { "dependencies": { "enhanced-resolve": "^5.18.1", "jiti": "^2.4.2", "tailwindcss": "4.0.15" } }, "sha512-IODaJjNmiasfZX3IoS+4Em3iu0fD2HS0/tgrnkYfW4hyUor01Smnr5eY3jc4rRgaTDrJlDmBTHbFO0ETTDaxWA=="],

    "@tailwindcss/oxide": ["@tailwindcss/oxide@4.0.15", "", { "optionalDependencies": { "@tailwindcss/oxide-android-arm64": "4.0.15", "@tailwindcss/oxide-darwin-arm64": "4.0.15", "@tailwindcss/oxide-darwin-x64": "4.0.15", "@tailwindcss/oxide-freebsd-x64": "4.0.15", "@tailwindcss/oxide-linux-arm-gnueabihf": "4.0.15", "@tailwindcss/oxide-linux-arm64-gnu": "4.0.15", "@tailwindcss/oxide-linux-arm64-musl": "4.0.15", "@tailwindcss/oxide-linux-x64-gnu": "4.0.15", "@tailwindcss/oxide-linux-x64-musl": "4.0.15", "@tailwindcss/oxide-win32-arm64-msvc": "4.0.15", "@tailwindcss/oxide-win32-x64-msvc": "4.0.15" } }, "sha512-e0uHrKfPu7JJGMfjwVNyt5M0u+OP8kUmhACwIRlM+JNBuReDVQ63yAD1NWe5DwJtdaHjugNBil76j+ks3zlk6g=="],

    "@tailwindcss/oxide-android-arm64": ["@tailwindcss/oxide-android-arm64@4.0.15", "", { "os": "android", "cpu": "arm64" }, "sha512-EBuyfSKkom7N+CB3A+7c0m4+qzKuiN0WCvzPvj5ZoRu4NlQadg/mthc1tl5k9b5ffRGsbDvP4k21azU4VwVk3Q=="],

    "@tailwindcss/oxide-darwin-arm64": ["@tailwindcss/oxide-darwin-arm64@4.0.15", "", { "os": "darwin", "cpu": "arm64" }, "sha512-ObVAnEpLepMhV9VoO0JSit66jiN5C4YCqW3TflsE9boo2Z7FIjV80RFbgeL2opBhtxbaNEDa6D0/hq/EP03kgQ=="],

    "@tailwindcss/oxide-darwin-x64": ["@tailwindcss/oxide-darwin-x64@4.0.15", "", { "os": "darwin", "cpu": "x64" }, "sha512-IElwoFhUinOr9MyKmGTPNi1Rwdh68JReFgYWibPWTGuevkHkLWKEflZc2jtI5lWZ5U9JjUnUfnY43I4fEXrc4g=="],

    "@tailwindcss/oxide-freebsd-x64": ["@tailwindcss/oxide-freebsd-x64@4.0.15", "", { "os": "freebsd", "cpu": "x64" }, "sha512-6BLLqyx7SIYRBOnTZ8wgfXANLJV5TQd3PevRJZp0vn42eO58A2LykRKdvL1qyPfdpmEVtF+uVOEZ4QTMqDRAWA=="],

    "@tailwindcss/oxide-linux-arm-gnueabihf": ["@tailwindcss/oxide-linux-arm-gnueabihf@4.0.15", "", { "os": "linux", "cpu": "arm" }, "sha512-Zy63EVqO9241Pfg6G0IlRIWyY5vNcWrL5dd2WAKVJZRQVeolXEf1KfjkyeAAlErDj72cnyXObEZjMoPEKHpdNw=="],

    "@tailwindcss/oxide-linux-arm64-gnu": ["@tailwindcss/oxide-linux-arm64-gnu@4.0.15", "", { "os": "linux", "cpu": "arm64" }, "sha512-2NemGQeaTbtIp1Z2wyerbVEJZTkAWhMDOhhR5z/zJ75yMNf8yLnE+sAlyf6yGDNr+1RqvWrRhhCFt7i0CIxe4Q=="],

    "@tailwindcss/oxide-linux-arm64-musl": ["@tailwindcss/oxide-linux-arm64-musl@4.0.15", "", { "os": "linux", "cpu": "arm64" }, "sha512-342GVnhH/6PkVgKtEzvNVuQ4D+Q7B7qplvuH20Cfz9qEtydG6IQczTZ5IT4JPlh931MG1NUCVxg+CIorr1WJyw=="],

    "@tailwindcss/oxide-linux-x64-gnu": ["@tailwindcss/oxide-linux-x64-gnu@4.0.15", "", { "os": "linux", "cpu": "x64" }, "sha512-g76GxlKH124RuGqacCEFc2nbzRl7bBrlC8qDQMiUABkiifDRHOIUjgKbLNG4RuR9hQAD/MKsqZ7A8L08zsoBrw=="],

    "@tailwindcss/oxide-linux-x64-musl": ["@tailwindcss/oxide-linux-x64-musl@4.0.15", "", { "os": "linux", "cpu": "x64" }, "sha512-Gg/Y1XrKEvKpq6WeNt2h8rMIKOBj/W3mNa5NMvkQgMC7iO0+UNLrYmt6zgZufht66HozNpn+tJMbbkZ5a3LczA=="],

    "@tailwindcss/oxide-win32-arm64-msvc": ["@tailwindcss/oxide-win32-arm64-msvc@4.0.15", "", { "os": "win32", "cpu": "arm64" }, "sha512-7QtSSJwYZ7ZK1phVgcNZpuf7c7gaCj8Wb0xjliligT5qCGCp79OV2n3SJummVZdw4fbTNKUOYMO7m1GinppZyA=="],

    "@tailwindcss/oxide-win32-x64-msvc": ["@tailwindcss/oxide-win32-x64-msvc@4.0.15", "", { "os": "win32", "cpu": "x64" }, "sha512-JQ5H+5MLhOjpgNp6KomouE0ZuKmk3hO5h7/ClMNAQ8gZI2zkli3IH8ZqLbd2DVfXDbdxN2xvooIEeIlkIoSCqw=="],

    "@tailwindcss/vite": ["@tailwindcss/vite@4.0.15", "", { "dependencies": { "@tailwindcss/node": "4.0.15", "@tailwindcss/oxide": "4.0.15", "lightningcss": "1.29.2", "tailwindcss": "4.0.15" }, "peerDependencies": { "vite": "^5.2.0 || ^6" } }, "sha512-JRexava80NijI8cTcLXNM3nQL5A0ptTHI8oJLLe8z1MpNB6p5J4WCdJJP8RoyHu8/eB1JzEdbpH86eGfbuaezQ=="],

    "@types/ace": ["@types/ace@0.0.52", "", {}, "sha512-YPF9S7fzpuyrxru+sG/rrTpZkC6gpHBPF14W3x70kqVOD+ks6jkYLapk4yceh36xej7K4HYxcyz9ZDQ2lTvwgQ=="],

    "@types/cookie": ["@types/cookie@0.6.0", "", {}, "sha512-4Kh9a6B2bQciAhf7FSuMRRkUWecJgJu9nPnx3yzpsfXX/c50REIqpHY4C82bXP90qrLtXtkDxTZosYO3UpOwlA=="],

    "@types/estree": ["@types/estree@1.0.6", "", {}, "sha512-AYnb1nQyY49te+VRAVgmzfcgjYS91mY5P0TKUDCLEM+gNnA+3T6rWITXRLYCpahpqSQbN5cE+gHpnPyXjHWxcw=="],

    "@types/json-schema": ["@types/json-schema@7.0.15", "", {}, "sha512-5+fP8P8MFNC+AyZCDxrB2pkZFPGzqQWUzpSeuuVLvm8VMcorNYavBqoFcxK8bQz4Qsbn4oUEEem4wDLfcysGHA=="],

    "@types/resolve": ["@types/resolve@1.20.2", "", {}, "sha512-60BCwRFOZCQhDncwQdxxeOEEkbc5dIMccYLwbxsS4TUNeVECQ/pBJ0j09mrHOl/JJvpRPGwO9SvE4nR2Nb/a4Q=="],

    "@yr/monotone-cubic-spline": ["@yr/monotone-cubic-spline@1.0.3", "", {}, "sha512-FQXkOta0XBSUPHndIKON2Y9JeQz5ZeMqLYZVVK93FliNBFm7LNMIZmY6FrMEB9XPcDbE2bekMbZD6kzDkxwYjA=="],

    "ace-code": ["ace-code@1.39.1", "", {}, "sha512-RTYdkvslVyfhFJi9UNyuDvCtFaDvX/qm06yP0z24AVX+VKERDkx3nLt71LheqFfAkdl48eQAzQATYzwFfVkfeA=="],

    "ace-linters": ["ace-linters@1.5.1", "", { "dependencies": { "vscode-languageserver-protocol": "^3.17.3", "vscode-languageserver-textdocument": "^1.0.8", "vscode-languageserver-types": "^3.17.3" } }, "sha512-A8bhZCRPnKFejXExZ+n1Wga8jMSKT5qrzKt8v4tXNGWe+gemqYGCsnAGJwXGjhKgmoHVqDXO1dtbrle8Pr13Vg=="],

    "ace-python-ruff-linter": ["ace-python-ruff-linter@1.1.0", "", { "peerDependencies": { "ace-linters": "^1.5.0" } }, "sha512-CFDN5pnpvp/j9IRrHm9xd/+lS69Lk/5lw1H0G7+KFXw94a0T8AKUwCTEFRG4DEjIeZfEErPiOXTFTtjwNrl5UA=="],

    "acorn": ["acorn@8.14.0", "", { "bin": { "acorn": "bin/acorn" } }, "sha512-cl669nCJTZBsL97OF4kUQm5g5hC2uihk0NxY3WENAC0TYdILVkAyHymAntgxGkl7K+t0cXIrH5siy5S4XkFycA=="],

    "apexcharts": ["apexcharts@3.54.1", "", { "dependencies": { "@yr/monotone-cubic-spline": "^1.0.3", "svg.draggable.js": "^2.2.2", "svg.easing.js": "^2.0.0", "svg.filter.js": "^2.0.2", "svg.pathmorphing.js": "^0.1.3", "svg.resize.js": "^1.4.3", "svg.select.js": "^3.0.1" } }, "sha512-E4et0h/J1U3r3EwS/WlqJCQIbepKbp6wGUmaAwJOMjHUP4Ci0gxanLa7FR3okx6p9coi4st6J853/Cb1NP0vpA=="],

    "argparse": ["argparse@2.0.1", "", {}, "sha512-8+9WqebbFzpX9OR+Wa6O29asIogeRMzcGtAINdpMHHyAg10f05aSFVBbcEqGf/PXw1EjAZ+q2/bEBg3DvurK3Q=="],

    "aria-query": ["aria-query@5.3.2", "", {}, "sha512-COROpnaoap1E2F000S62r6A60uHZnmlvomhfyT2DlTcrY1OrBKn2UhH7qn5wTC9zMvD0AY7csdPSNwKP+7WiQw=="],

    "axobject-query": ["axobject-query@4.1.0", "", {}, "sha512-qIj0G9wZbMGNLjLmg1PT6v2mE9AH2zlnADJD/2tC6E00hgmhUOfEB6greHPAfLRSufHqROIUTkw6E+M3lH0PTQ=="],

    "c12": ["c12@2.0.1", "", { "dependencies": { "chokidar": "^4.0.1", "confbox": "^0.1.7", "defu": "^6.1.4", "dotenv": "^16.4.5", "giget": "^1.2.3", "jiti": "^2.3.0", "mlly": "^1.7.1", "ohash": "^1.1.4", "pathe": "^1.1.2", "perfect-debounce": "^1.0.0", "pkg-types": "^1.2.0", "rc9": "^2.1.2" }, "peerDependencies": { "magicast": "^0.3.5" }, "optionalPeers": ["magicast"] }, "sha512-Z4JgsKXHG37C6PYUtIxCfLJZvo6FyhHJoClwwb9ftUkLpPSkuYqn6Tr+vnaN8hymm0kIbcg6Ey3kv/Q71k5w/A=="],

    "chokidar": ["chokidar@4.0.3", "", { "dependencies": { "readdirp": "^4.0.1" } }, "sha512-Qgzu8kfBvo+cA4962jnP1KkS6Dop5NS6g7R5LFYJr4b8Ub94PPQXUksCw9PvXoeXPRRddRNC5C1JQUR2SMGtnA=="],

    "chownr": ["chownr@2.0.0", "", {}, "sha512-bIomtDF5KGpdogkLd9VspvFzk9KfpyyGlS8YFVZl7TGPBHL5snIOnxeshwVgPteQ9b4Eydl+pVbIyE1DcvCWgQ=="],

    "citty": ["citty@0.1.6", "", { "dependencies": { "consola": "^3.2.3" } }, "sha512-tskPPKEs8D2KPafUypv2gxwJP8h/OaJmC82QQGGDQcHvXX43xF2VDACcJVmZ0EuSxkpO9Kc4MlrA3q0+FG58AQ=="],

    "clsx": ["clsx@2.1.1", "", {}, "sha512-eYm0QWBtUrBWZWG0d386OGAw16Z995PiOVo2B7bjWSbHedGl5e0ZWaq65kOGgUSNesEIDkB9ISbTg/JK9dhCZA=="],

    "commander": ["commander@13.0.0", "", {}, "sha512-oPYleIY8wmTVzkvQq10AEok6YcTC4sRUBl8F9gVuwchGVUCTbl/vhLTaQqutuuySYOsu8YTgV+OxKc/8Yvx+mQ=="],

    "confbox": ["confbox@0.1.8", "", {}, "sha512-RMtmw0iFkeR4YV+fUOSucriAQNb9g8zFR52MWCtl+cCZOFRNL6zeB395vPzFhEjjn4fMxXudmELnl/KF/WrK6w=="],

    "consola": ["consola@3.4.0", "", {}, "sha512-EiPU8G6dQG0GFHNR8ljnZFki/8a+cQwEQ+7wpxdChl02Q8HXlwEZWD5lqAF8vC2sEC3Tehr8hy7vErz88LHyUA=="],

    "cookie": ["cookie@0.6.0", "", {}, "sha512-U71cyTamuh1CRNCfpGY6to28lxvNwPG4Guz/EVjgf3Jmzv0vlDp1atT9eS5dDjMYHucpHbWns6Lwf3BKz6svdw=="],

    "debug": ["debug@4.4.0", "", { "dependencies": { "ms": "^2.1.3" } }, "sha512-6WTZ/IxCY/T6BALoZHaE4ctp9xm+Z5kY/pzYaCHRFeyVhojxlrm+46y68HA6hr0TcwEssoxNiDEUJQjfPZ/RYA=="],

    "deepmerge": ["deepmerge@4.3.1", "", {}, "sha512-3sUqbMEc77XqpdNO7FRyRog+eW3ph+GYCbj+rK+uYyRMuwsVy0rMiVtPn+QJlKFvWP/1PYpapqYn0Me2knFn+A=="],

    "defu": ["defu@6.1.4", "", {}, "sha512-mEQCMmwJu317oSz8CwdIOdwf3xMif1ttiM8LTufzc3g6kR+9Pe236twL8j3IYT1F7GfRgGcW6MWxzZjLIkuHIg=="],

    "destr": ["destr@2.0.3", "", {}, "sha512-2N3BOUU4gYMpTP24s5rF5iP7BDr7uNTCs4ozw3kf/eKfvWSIu93GEBi5m427YoyJoeOzQ5smuu4nNAPGb8idSQ=="],

    "detect-libc": ["detect-libc@2.0.3", "", {}, "sha512-bwy0MGW55bG41VqxxypOsdSdGqLwXPI/focwgTYCFMbdUiBAxLg9CFzG08sz2aqzknwiX7Hkl0bQENjg8iLByw=="],

    "devalue": ["devalue@5.1.1", "", {}, "sha512-maua5KUiapvEwiEAe+XnlZ3Rh0GD+qI1J/nb9vrJc3muPXvcF/8gXYTWF76+5DAqHyDUtOIImEuo0YKE9mshVw=="],

    "dotenv": ["dotenv@16.4.7", "", {}, "sha512-47qPchRCykZC03FhkYAhrvwU4xDBFIj1QPqaarj6mdM/hgUzfPHcpkHJOn3mJAufFeeAxAzeGsr5X0M4k6fLZQ=="],

    "enhanced-resolve": ["enhanced-resolve@5.18.1", "", { "dependencies": { "graceful-fs": "^4.2.4", "tapable": "^2.2.0" } }, "sha512-ZSW3ma5GkcQBIpwZTSRAI8N71Uuwgs93IezB7mf7R60tC8ZbJideoDNKjHn2O9KIlx6rkGTTEk1xUCK2E1Y2Yg=="],

    "esbuild": ["esbuild@0.25.1", "", { "optionalDependencies": { "@esbuild/aix-ppc64": "0.25.1", "@esbuild/android-arm": "0.25.1", "@esbuild/android-arm64": "0.25.1", "@esbuild/android-x64": "0.25.1", "@esbuild/darwin-arm64": "0.25.1", "@esbuild/darwin-x64": "0.25.1", "@esbuild/freebsd-arm64": "0.25.1", "@esbuild/freebsd-x64": "0.25.1", "@esbuild/linux-arm": "0.25.1", "@esbuild/linux-arm64": "0.25.1", "@esbuild/linux-ia32": "0.25.1", "@esbuild/linux-loong64": "0.25.1", "@esbuild/linux-mips64el": "0.25.1", "@esbuild/linux-ppc64": "0.25.1", "@esbuild/linux-riscv64": "0.25.1", "@esbuild/linux-s390x": "0.25.1", "@esbuild/linux-x64": "0.25.1", "@esbuild/netbsd-arm64": "0.25.1", "@esbuild/netbsd-x64": "0.25.1", "@esbuild/openbsd-arm64": "0.25.1", "@esbuild/openbsd-x64": "0.25.1", "@esbuild/sunos-x64": "0.25.1", "@esbuild/win32-arm64": "0.25.1", "@esbuild/win32-ia32": "0.25.1", "@esbuild/win32-x64": "0.25.1" }, "bin": { "esbuild": "bin/esbuild" } }, "sha512-BGO5LtrGC7vxnqucAe/rmvKdJllfGaYWdyABvyMoXQlfYMb2bbRuReWR5tEGE//4LcNJj9XrkovTqNYRFZHAMQ=="],

    "esm-env": ["esm-env@1.2.2", "", {}, "sha512-Epxrv+Nr/CaL4ZcFGPJIYLWFom+YeV1DqMLHJoEd9SYRxNbaFruBwfEX/kkHUJf55j2+TUbmDcmuilbP1TmXHA=="],

    "esrap": ["esrap@1.4.4", "", { "dependencies": { "@jridgewell/sourcemap-codec": "^1.4.15" } }, "sha512-tDN6xP/r/b3WmdpWm7LybrD252hY52IokcycPnO+WHfhFF0+n5AWtcLLK7VNV6m0uYgVRhGVs8OkZwRyfC7HzQ=="],

    "estree-walker": ["estree-walker@2.0.2", "", {}, "sha512-Rfkk/Mp/DL7JVje3u18FxFujQlTNR2q6QfMSMB7AvCBx91NGj/ba3kCfza0f6dVDbw7YlRf/nDrn7pQrCCyQ/w=="],

    "fdir": ["fdir@6.4.3", "", { "peerDependencies": { "picomatch": "^3 || ^4" }, "optionalPeers": ["picomatch"] }, "sha512-PMXmW2y1hDDfTSRc9gaXIuCCRpuoz3Kaz8cUelp3smouvfT632ozg2vrT6lJsHKKOF59YLbOGfAWGUcKEfRMQw=="],

    "flowbite": ["flowbite@3.1.2", "", { "dependencies": { "@popperjs/core": "^2.9.3", "flowbite-datepicker": "^1.3.1", "mini-svg-data-uri": "^1.4.3", "postcss": "^8.5.1" } }, "sha512-MkwSgbbybCYgMC+go6Da5idEKUFfMqc/AmSjm/2ZbdmvoKf5frLPq/eIhXc9P+rC8t9boZtUXzHDgt5whZ6A/Q=="],

    "flowbite-datepicker": ["flowbite-datepicker@1.3.2", "", { "dependencies": { "@rollup/plugin-node-resolve": "^15.2.3", "flowbite": "^2.0.0" } }, "sha512-6Nfm0MCVX3mpaR7YSCjmEO2GO8CDt6CX8ZpQnGdeu03WUCWtEPQ/uy0PUiNtIJjJZWnX0Cm3H55MOhbD1g+E/g=="],

    "flowbite-svelte": ["flowbite-svelte@0.47.4", "", { "dependencies": { "@floating-ui/dom": "^1.6.11", "apexcharts": "^3.54.1", "flowbite": "^2.5.2", "tailwind-merge": "^2.5.4" }, "peerDependencies": { "svelte": "^3.55.1 || ^4.0.0 || ^5.0.0" } }, "sha512-8oiY/oeWA7fgkDF91MZKEBo5VmjL8El3wuqTDWAFO1j7p45BHIL6G1VGnnidgCEYlbADDQN9BIGCvyPq4J3g+w=="],

    "flowbite-svelte-icons": ["flowbite-svelte-icons@2.1.0", "", { "peerDependencies": { "svelte": "^5.0.0" } }, "sha512-GoTfn7vj+Hyw04SARxzKA6KF9sl5ubN7GddEm8vv3ytlTxM4FYqe8mSGY3XAHkeZIwwQzS6/Az5MFwJUIgZAoQ=="],

    "fs-minipass": ["fs-minipass@2.1.0", "", { "dependencies": { "minipass": "^3.0.0" } }, "sha512-V/JgOLFCS+R6Vcq0slCuaeWEdNC3ouDlJMNIsacH2VtALiu9mV4LPrHc5cDl8k5aw6J8jwgWWpiTo5RYhmIzvg=="],

    "fsevents": ["fsevents@2.3.3", "", { "os": "darwin" }, "sha512-5xoDfX+fL7faATnagmWPpbFtwh/R77WmMMqqHGS65C3vvB0YHrgF+B1YmZ3441tMj5n63k0212XNoJwzlhffQw=="],

    "function-bind": ["function-bind@1.1.2", "", {}, "sha512-7XHNxH7qX9xG5mIwxkhumTox/MIRNcOgDrxWsMt2pAr23WHp6MrRlN7FBSFpCpr+oVO0F744iUgR82nJMfG2SA=="],

    "giget": ["giget@1.2.5", "", { "dependencies": { "citty": "^0.1.6", "consola": "^3.4.0", "defu": "^6.1.4", "node-fetch-native": "^1.6.6", "nypm": "^0.5.4", "pathe": "^2.0.3", "tar": "^6.2.1" }, "bin": { "giget": "dist/cli.mjs" } }, "sha512-r1ekGw/Bgpi3HLV3h1MRBIlSAdHoIMklpaQ3OQLFcRw9PwAj2rqigvIbg+dBUI51OxVI2jsEtDywDBjSiuf7Ug=="],

    "graceful-fs": ["graceful-fs@4.2.11", "", {}, "sha512-RbJ5/jmFcNNCcDV5o9eTnBLJ/HszWV0P73bc+Ff4nS/rJj+YaS6IGyiOL0VoBYX+l1Wrl3k63h/KrH+nhJ0XvQ=="],

    "handlebars": ["handlebars@4.7.8", "", { "dependencies": { "minimist": "^1.2.5", "neo-async": "^2.6.2", "source-map": "^0.6.1", "wordwrap": "^1.0.0" }, "optionalDependencies": { "uglify-js": "^3.1.4" }, "bin": { "handlebars": "bin/handlebars" } }, "sha512-vafaFqs8MZkRrSX7sFVUdo3ap/eNiLnb4IakshzvP56X5Nr1iGKAIqdX6tMlm6HcNRIkr6AxO5jFEoJzzpT8aQ=="],

    "hasown": ["hasown@2.0.2", "", { "dependencies": { "function-bind": "^1.1.2" } }, "sha512-0hJU9SCPvmMzIBdZFqNPXWa6dqh7WdH0cII9y+CyS8rG3nL48Bclra9HmKhVVUHyPWNH5Y7xDwAB7bfgSjkUMQ=="],

    "import-meta-resolve": ["import-meta-resolve@4.1.0", "", {}, "sha512-I6fiaX09Xivtk+THaMfAwnA3MVA5Big1WHF1Dfx9hFuvNIWpXnorlkzhcQf6ehrqQiiZECRt1poOAkPmer3ruw=="],

    "is-core-module": ["is-core-module@2.16.1", "", { "dependencies": { "hasown": "^2.0.2" } }, "sha512-UfoeMA6fIJ8wTYFEUjelnaGI67v6+N7qXJEvQuIGa99l4xsCruSYOVSQ0uPANn4dAzm8lkYPaKLrrijLq7x23w=="],

    "is-module": ["is-module@1.0.0", "", {}, "sha512-51ypPSPCoTEIN9dy5Oy+h4pShgJmPCygKfyRCISBI+JoWT/2oJvK8QPxmwv7b/p239jXrm9M1mlQbyKJ5A152g=="],

    "is-reference": ["is-reference@3.0.3", "", { "dependencies": { "@types/estree": "^1.0.6" } }, "sha512-ixkJoqQvAP88E6wLydLGGqCJsrFUnqoH6HnaczB8XmDH1oaWU+xxdptvikTgaEhtZ53Ky6YXiBuUI2WXLMCwjw=="],

    "jiti": ["jiti@2.4.2", "", { "bin": { "jiti": "lib/jiti-cli.mjs" } }, "sha512-rg9zJN+G4n2nfJl5MW3BMygZX56zKPNVEYYqq7adpmMh4Jn2QNEwhvQlFy6jPVdcod7txZtKHWnyZiA3a0zP7A=="],

    "js-yaml": ["js-yaml@4.1.0", "", { "dependencies": { "argparse": "^2.0.1" }, "bin": { "js-yaml": "bin/js-yaml.js" } }, "sha512-wpxZs9NoxZaJESJGIZTyDEaYpl0FKSA+FB9aJiyemKhMwkxQg63h4T1KJgUGHpTqPDNRcmmYLugrRjJlBtWvRA=="],

    "kleur": ["kleur@4.1.5", "", {}, "sha512-o+NO+8WrRiQEE4/7nwRJhN1HWpVmJm511pBHUxPLtp0BUISzlBplORYSmTclCnJvQq2tKu/sgl3xVpkc7ZWuQQ=="],

    "lightningcss": ["lightningcss@1.29.2", "", { "dependencies": { "detect-libc": "^2.0.3" }, "optionalDependencies": { "lightningcss-darwin-arm64": "1.29.2", "lightningcss-darwin-x64": "1.29.2", "lightningcss-freebsd-x64": "1.29.2", "lightningcss-linux-arm-gnueabihf": "1.29.2", "lightningcss-linux-arm64-gnu": "1.29.2", "lightningcss-linux-arm64-musl": "1.29.2", "lightningcss-linux-x64-gnu": "1.29.2", "lightningcss-linux-x64-musl": "1.29.2", "lightningcss-win32-arm64-msvc": "1.29.2", "lightningcss-win32-x64-msvc": "1.29.2" } }, "sha512-6b6gd/RUXKaw5keVdSEtqFVdzWnU5jMxTUjA2bVcMNPLwSQ08Sv/UodBVtETLCn7k4S1Ibxwh7k68IwLZPgKaA=="],

    "lightningcss-darwin-arm64": ["lightningcss-darwin-arm64@1.29.2", "", { "os": "darwin", "cpu": "arm64" }, "sha512-cK/eMabSViKn/PG8U/a7aCorpeKLMlK0bQeNHmdb7qUnBkNPnL+oV5DjJUo0kqWsJUapZsM4jCfYItbqBDvlcA=="],

    "lightningcss-darwin-x64": ["lightningcss-darwin-x64@1.29.2", "", { "os": "darwin", "cpu": "x64" }, "sha512-j5qYxamyQw4kDXX5hnnCKMf3mLlHvG44f24Qyi2965/Ycz829MYqjrVg2H8BidybHBp9kom4D7DR5VqCKDXS0w=="],

    "lightningcss-freebsd-x64": ["lightningcss-freebsd-x64@1.29.2", "", { "os": "freebsd", "cpu": "x64" }, "sha512-wDk7M2tM78Ii8ek9YjnY8MjV5f5JN2qNVO+/0BAGZRvXKtQrBC4/cn4ssQIpKIPP44YXw6gFdpUF+Ps+RGsCwg=="],

    "lightningcss-linux-arm-gnueabihf": ["lightningcss-linux-arm-gnueabihf@1.29.2", "", { "os": "linux", "cpu": "arm" }, "sha512-IRUrOrAF2Z+KExdExe3Rz7NSTuuJ2HvCGlMKoquK5pjvo2JY4Rybr+NrKnq0U0hZnx5AnGsuFHjGnNT14w26sg=="],

    "lightningcss-linux-arm64-gnu": ["lightningcss-linux-arm64-gnu@1.29.2", "", { "os": "linux", "cpu": "arm64" }, "sha512-KKCpOlmhdjvUTX/mBuaKemp0oeDIBBLFiU5Fnqxh1/DZ4JPZi4evEH7TKoSBFOSOV3J7iEmmBaw/8dpiUvRKlQ=="],

    "lightningcss-linux-arm64-musl": ["lightningcss-linux-arm64-musl@1.29.2", "", { "os": "linux", "cpu": "arm64" }, "sha512-Q64eM1bPlOOUgxFmoPUefqzY1yV3ctFPE6d/Vt7WzLW4rKTv7MyYNky+FWxRpLkNASTnKQUaiMJ87zNODIrrKQ=="],

    "lightningcss-linux-x64-gnu": ["lightningcss-linux-x64-gnu@1.29.2", "", { "os": "linux", "cpu": "x64" }, "sha512-0v6idDCPG6epLXtBH/RPkHvYx74CVziHo6TMYga8O2EiQApnUPZsbR9nFNrg2cgBzk1AYqEd95TlrsL7nYABQg=="],

    "lightningcss-linux-x64-musl": ["lightningcss-linux-x64-musl@1.29.2", "", { "os": "linux", "cpu": "x64" }, "sha512-rMpz2yawkgGT8RULc5S4WiZopVMOFWjiItBT7aSfDX4NQav6M44rhn5hjtkKzB+wMTRlLLqxkeYEtQ3dd9696w=="],

    "lightningcss-win32-arm64-msvc": ["lightningcss-win32-arm64-msvc@1.29.2", "", { "os": "win32", "cpu": "arm64" }, "sha512-nL7zRW6evGQqYVu/bKGK+zShyz8OVzsCotFgc7judbt6wnB2KbiKKJwBE4SGoDBQ1O94RjW4asrCjQL4i8Fhbw=="],

    "lightningcss-win32-x64-msvc": ["lightningcss-win32-x64-msvc@1.29.2", "", { "os": "win32", "cpu": "x64" }, "sha512-EdIUW3B2vLuHmv7urfzMI/h2fmlnOQBk1xlsDxkN1tCWKjNFjfLhGxYk8C8mzpSfr+A6jFFIi8fU6LbQGsRWjA=="],

    "locate-character": ["locate-character@3.0.0", "", {}, "sha512-SW13ws7BjaeJ6p7Q6CO2nchbYEc3X3J6WrmTTDto7yMPqVSZTUyY5Tjbid+Ab8gLnATtygYtiDIJGQRRn2ZOiA=="],

    "lucide-svelte": ["lucide-svelte@0.477.0", "", { "peerDependencies": { "svelte": "^3 || ^4 || ^5.0.0-next.42" } }, "sha512-w/zj6/CXTtTizIeo8SuWGYu0u45CJ7cD2AtNzIObVHZrWXNgaIIX/2cI25wybjSmYHIi4pub2TLv/kNPKiB3ww=="],

    "magic-string": ["magic-string@0.30.17", "", { "dependencies": { "@jridgewell/sourcemap-codec": "^1.5.0" } }, "sha512-sNPKHvyjVf7gyjwS4xGTaW/mCnF8wnjtifKBEhxfZ7E/S8tQ0rssrwGNn6q8JH/ohItJfSQp9mBtQYuTlH5QnA=="],

    "mini-svg-data-uri": ["mini-svg-data-uri@1.4.4", "", { "bin": { "mini-svg-data-uri": "cli.js" } }, "sha512-r9deDe9p5FJUPZAk3A59wGH7Ii9YrjjWw0jmw/liSbHl2CHiyXj6FcDXDu2K3TjVAXqiJdaw3xxwlZZr9E6nHg=="],

    "minimist": ["minimist@1.2.8", "", {}, "sha512-2yyAR8qBkN3YuheJanUpWC5U3bb5osDywNB8RzDVlDwDHbocAJveqqj1u8+SVD7jkWT4yvsHCpWqqWqAxb0zCA=="],

    "minipass": ["minipass@5.0.0", "", {}, "sha512-3FnjYuehv9k6ovOEbyOswadCDPX1piCfhV8ncmYtHOjuPwylVWsghTLo7rabjC3Rx5xD4HDx8Wm1xnMF7S5qFQ=="],

    "minizlib": ["minizlib@2.1.2", "", { "dependencies": { "minipass": "^3.0.0", "yallist": "^4.0.0" } }, "sha512-bAxsR8BVfj60DWXHE3u30oHzfl4G7khkSuPW+qvpd7jFRHm7dLxOjUk1EHACJ/hxLY8phGJ0YhYHZo7jil7Qdg=="],

    "mkdirp": ["mkdirp@1.0.4", "", { "bin": { "mkdirp": "bin/cmd.js" } }, "sha512-vVqVZQyf3WLx2Shd0qJ9xuvqgAyKPLAiqITEtqW0oIUjzo3PePDd6fW9iFz30ef7Ysp/oiWqbhszeGWW2T6Gzw=="],

    "mlly": ["mlly@1.7.4", "", { "dependencies": { "acorn": "^8.14.0", "pathe": "^2.0.1", "pkg-types": "^1.3.0", "ufo": "^1.5.4" } }, "sha512-qmdSIPC4bDJXgZTCR7XosJiNKySV7O215tsPtDN9iEO/7q/76b/ijtgRu/+epFXSJhijtTCCGp3DWS549P3xKw=="],

    "mri": ["mri@1.2.0", "", {}, "sha512-tzzskb3bG8LvYGFF/mDTpq3jpI6Q9wc3LEmBaghu+DdCssd1FakN7Bc0hVNmEyGq1bq3RgfkCb3cmQLpNPOroA=="],

    "mrmime": ["mrmime@2.0.0", "", {}, "sha512-eu38+hdgojoyq63s+yTpN4XMBdt5l8HhMhc4VKLO9KM5caLIBvUm4thi7fFaxyTmCKeNnXZ5pAlBwCUnhA09uw=="],

    "ms": ["ms@2.1.3", "", {}, "sha512-6FlzubTLZG3J2a/NVCAleEhjzq5oxgHyaCU9yYXvcLsvoVaHJq/s5xXI6/XXP6tz7R9xAOtHnSO/tXtF3WRTlA=="],

    "nanoid": ["nanoid@3.3.8", "", { "bin": { "nanoid": "bin/nanoid.cjs" } }, "sha512-WNLf5Sd8oZxOm+TzppcYk8gVOgP+l58xNy58D0nbUnOxOWRWvlcCV4kUF7ltmI6PsrLl/BgKEyS4mqsGChFN0w=="],

    "neo-async": ["neo-async@2.6.2", "", {}, "sha512-Yd3UES5mWCSqR+qNT93S3UoYUkqAZ9lLg8a7g9rimsWmYGK8cVToA4/sF3RrshdyV3sAGMXVUmpMYOw+dLpOuw=="],

    "node-fetch-native": ["node-fetch-native@1.6.6", "", {}, "sha512-8Mc2HhqPdlIfedsuZoc3yioPuzp6b+L5jRCRY1QzuWZh2EGJVQrGppC6V6cF0bLdbW0+O2YpqCA25aF/1lvipQ=="],

    "nypm": ["nypm@0.5.4", "", { "dependencies": { "citty": "^0.1.6", "consola": "^3.4.0", "pathe": "^2.0.3", "pkg-types": "^1.3.1", "tinyexec": "^0.3.2", "ufo": "^1.5.4" }, "bin": { "nypm": "dist/cli.mjs" } }, "sha512-X0SNNrZiGU8/e/zAB7sCTtdxWTMSIO73q+xuKgglm2Yvzwlo8UoC5FNySQFCvl84uPaeADkqHUZUkWy4aH4xOA=="],

    "ohash": ["ohash@1.1.5", "", {}, "sha512-AtXrG/lMFjPBWj3uhWYFwYVZQqutPYRsv6nnPLTipnC+gJuMFc+WFzf/jx+94Ebray1vxfQfEFDtpIpppOe4xQ=="],

    "path-parse": ["path-parse@1.0.7", "", {}, "sha512-LDJzPVEEEPR+y48z93A0Ed0yXb8pAByGWo/k5YYdYgpY2/2EsOsksJrq7lOHxryrVOn1ejG6oAp8ahvOIQD8sw=="],

    "pathe": ["pathe@1.1.2", "", {}, "sha512-whLdWMYL2TwI08hn8/ZqAbrVemu0LNaNNJZX73O6qaIdCTfXutsLhMkjdENX0qhsQ9uIimo4/aQOmXkoon2nDQ=="],

    "perfect-debounce": ["perfect-debounce@1.0.0", "", {}, "sha512-xCy9V055GLEqoFaHoC1SoLIaLmWctgCUaBaWxDZ7/Zx4CTyX7cJQLJOok/orfjZAh9kEYpjJa4d0KcJmCbctZA=="],

    "picocolors": ["picocolors@1.1.1", "", {}, "sha512-xceH2snhtb5M9liqDsmEw56le376mTZkEX/jEb/RxNFyegNul7eNslCXP9FDj/Lcu0X8KEyMceP2ntpaHrDEVA=="],

    "picomatch": ["picomatch@2.3.1", "", {}, "sha512-JU3teHTNjmE2VCGFzuY8EXzCDVwEqB2a8fsIvwaStHhAWJEeVd1o1QD80CU6+ZdEXXSLbSsuLwJjkCBWqRQUVA=="],

    "pkg-types": ["pkg-types@1.3.1", "", { "dependencies": { "confbox": "^0.1.8", "mlly": "^1.7.4", "pathe": "^2.0.1" } }, "sha512-/Jm5M4RvtBFVkKWRu2BLUTNP8/M2a+UwuAX+ae4770q1qVGtfjG+WTCupoZixokjmHiry8uI+dlY8KXYV5HVVQ=="],

    "postcss": ["postcss@8.5.3", "", { "dependencies": { "nanoid": "^3.3.8", "picocolors": "^1.1.1", "source-map-js": "^1.2.1" } }, "sha512-dle9A3yYxlBSrt8Fu+IpjGT8SY8hN0mlaA6GY8t0P5PjIOZemULz/E2Bnm/2dcUOena75OTNkHI76uZBNUUq3A=="],

    "prettier": ["prettier@3.5.3", "", { "bin": { "prettier": "bin/prettier.cjs" } }, "sha512-QQtaxnoDJeAkDvDKWCLiwIXkTgRhwYDEQCghU9Z6q03iyek/rxRh/2lC3HB7P8sWT2xC/y5JDctPLBIGzHKbhw=="],

    "prettier-plugin-svelte": ["prettier-plugin-svelte@3.3.3", "", { "peerDependencies": { "prettier": "^3.0.0", "svelte": "^3.2.0 || ^4.0.0-next.0 || ^5.0.0-next.0" } }, "sha512-yViK9zqQ+H2qZD1w/bH7W8i+bVfKrD8GIFjkFe4Thl6kCT9SlAsXVNmt3jCvQOCsnOhcvYgsoVlRV/Eu6x5nNw=="],

    "rc9": ["rc9@2.1.2", "", { "dependencies": { "defu": "^6.1.4", "destr": "^2.0.3" } }, "sha512-btXCnMmRIBINM2LDZoEmOogIZU7Qe7zn4BpomSKZ/ykbLObuBdvG+mFq11DL6fjH1DRwHhrlgtYWG96bJiC7Cg=="],

    "readdirp": ["readdirp@4.1.1", "", {}, "sha512-h80JrZu/MHUZCyHu5ciuoI0+WxsCxzxJTILn6Fs8rxSnFPh+UVHYfeIxK1nVGugMqkfC4vJcBOYbkfkwYK0+gw=="],

    "resolve": ["resolve@1.22.10", "", { "dependencies": { "is-core-module": "^2.16.0", "path-parse": "^1.0.7", "supports-preserve-symlinks-flag": "^1.0.0" }, "bin": { "resolve": "bin/resolve" } }, "sha512-NPRy+/ncIMeDlTAsuqwKIiferiawhefFJtkNSW0qZJEqMEb+qBt/77B/jGeeek+F0uOeN05CDa6HXbbIgtVX4w=="],

    "rollup": ["rollup@4.34.6", "", { "dependencies": { "@types/estree": "1.0.6" }, "optionalDependencies": { "@rollup/rollup-android-arm-eabi": "4.34.6", "@rollup/rollup-android-arm64": "4.34.6", "@rollup/rollup-darwin-arm64": "4.34.6", "@rollup/rollup-darwin-x64": "4.34.6", "@rollup/rollup-freebsd-arm64": "4.34.6", "@rollup/rollup-freebsd-x64": "4.34.6", "@rollup/rollup-linux-arm-gnueabihf": "4.34.6", "@rollup/rollup-linux-arm-musleabihf": "4.34.6", "@rollup/rollup-linux-arm64-gnu": "4.34.6", "@rollup/rollup-linux-arm64-musl": "4.34.6", "@rollup/rollup-linux-loongarch64-gnu": "4.34.6", "@rollup/rollup-linux-powerpc64le-gnu": "4.34.6", "@rollup/rollup-linux-riscv64-gnu": "4.34.6", "@rollup/rollup-linux-s390x-gnu": "4.34.6", "@rollup/rollup-linux-x64-gnu": "4.34.6", "@rollup/rollup-linux-x64-musl": "4.34.6", "@rollup/rollup-win32-arm64-msvc": "4.34.6", "@rollup/rollup-win32-ia32-msvc": "4.34.6", "@rollup/rollup-win32-x64-msvc": "4.34.6", "fsevents": "~2.3.2" }, "bin": { "rollup": "dist/bin/rollup" } }, "sha512-wc2cBWqJgkU3Iz5oztRkQbfVkbxoz5EhnCGOrnJvnLnQ7O0WhQUYyv18qQI79O8L7DdHrrlJNeCHd4VGpnaXKQ=="],

    "sade": ["sade@1.8.1", "", { "dependencies": { "mri": "^1.1.0" } }, "sha512-xal3CZX1Xlo/k4ApwCFrHVACi9fBqJ7V+mwhBsuf/1IOKbBy098Fex+Wa/5QMubw09pSZ/u8EY8PWgevJsXp1A=="],

    "set-cookie-parser": ["set-cookie-parser@2.7.1", "", {}, "sha512-IOc8uWeOZgnb3ptbCURJWNjWUPcO3ZnTTdzsurqERrP6nPyv+paC55vJM0LpOlT2ne+Ix+9+CRG1MNLlyZ4GjQ=="],

    "sirv": ["sirv@3.0.0", "", { "dependencies": { "@polka/url": "^1.0.0-next.24", "mrmime": "^2.0.0", "totalist": "^3.0.0" } }, "sha512-BPwJGUeDaDCHihkORDchNyyTvWFhcusy1XMmhEVTQTwGeybFbp8YEmB+njbPnth1FibULBSBVwCQni25XlCUDg=="],

    "source-map": ["source-map@0.6.1", "", {}, "sha512-UjgapumWlbMhkBgzT7Ykc5YXUT46F0iKu8SGXq0bcwP5dz/h0Plj6enJqjz1Zbq2l5WaqYnrVbwWOWMyF3F47g=="],

    "source-map-js": ["source-map-js@1.2.1", "", {}, "sha512-UXWMKhLOwVKb728IUtQPXxfYU+usdybtUrK/8uGE8CQMvrhOpwvzDBwj0QhSL7MQc7vIsISBG8VQ8+IDQxpfQA=="],

    "supports-preserve-symlinks-flag": ["supports-preserve-symlinks-flag@1.0.0", "", {}, "sha512-ot0WnXS9fgdkgIcePe6RHNk1WA8+muPa6cSjeR3V8K27q9BB1rTE3R1p7Hv0z1ZyAc8s6Vvv8DIyWf681MAt0w=="],

    "svelte": ["svelte@5.25.3", "", { "dependencies": { "@ampproject/remapping": "^2.3.0", "@jridgewell/sourcemap-codec": "^1.5.0", "@sveltejs/acorn-typescript": "^1.0.5", "@types/estree": "^1.0.5", "acorn": "^8.12.1", "aria-query": "^5.3.1", "axobject-query": "^4.1.0", "clsx": "^2.1.1", "esm-env": "^1.2.1", "esrap": "^1.4.3", "is-reference": "^3.0.3", "locate-character": "^3.0.0", "magic-string": "^0.30.11", "zimmerframe": "^1.1.2" } }, "sha512-J9rcZ/xVJonAoESqVGHHZhrNdVbrCfkdB41BP6eiwHMoFShD9it3yZXApVYMHdGfCshBsZCKsajwJeBbS/M1zg=="],

    "svelte-check": ["svelte-check@4.1.5", "", { "dependencies": { "@jridgewell/trace-mapping": "^0.3.25", "chokidar": "^4.0.1", "fdir": "^6.2.0", "picocolors": "^1.0.0", "sade": "^1.7.4" }, "peerDependencies": { "svelte": "^4.0.0 || ^5.0.0-next.0", "typescript": ">=5.0.0" }, "bin": { "svelte-check": "bin/svelte-check" } }, "sha512-Gb0T2IqBNe1tLB9EB1Qh+LOe+JB8wt2/rNBDGvkxQVvk8vNeAoG+vZgFB/3P5+zC7RWlyBlzm9dVjZFph/maIg=="],

    "svg.draggable.js": ["svg.draggable.js@2.2.2", "", { "dependencies": { "svg.js": "^2.0.1" } }, "sha512-JzNHBc2fLQMzYCZ90KZHN2ohXL0BQJGQimK1kGk6AvSeibuKcIdDX9Kr0dT9+UJ5O8nYA0RB839Lhvk4CY4MZw=="],

    "svg.easing.js": ["svg.easing.js@2.0.0", "", { "dependencies": { "svg.js": ">=2.3.x" } }, "sha512-//ctPdJMGy22YoYGV+3HEfHbm6/69LJUTAqI2/5qBvaNHZ9uUFVC82B0Pl299HzgH13rKrBgi4+XyXXyVWWthA=="],

    "svg.filter.js": ["svg.filter.js@2.0.2", "", { "dependencies": { "svg.js": "^2.2.5" } }, "sha512-xkGBwU+dKBzqg5PtilaTb0EYPqPfJ9Q6saVldX+5vCRy31P6TlRCP3U9NxH3HEufkKkpNgdTLBJnmhDHeTqAkw=="],

    "svg.js": ["svg.js@2.7.1", "", {}, "sha512-ycbxpizEQktk3FYvn/8BH+6/EuWXg7ZpQREJvgacqn46gIddG24tNNe4Son6omdXCnSOaApnpZw6MPCBA1dODA=="],

    "svg.pathmorphing.js": ["svg.pathmorphing.js@0.1.3", "", { "dependencies": { "svg.js": "^2.4.0" } }, "sha512-49HWI9X4XQR/JG1qXkSDV8xViuTLIWm/B/7YuQELV5KMOPtXjiwH4XPJvr/ghEDibmLQ9Oc22dpWpG0vUDDNww=="],

    "svg.resize.js": ["svg.resize.js@1.4.3", "", { "dependencies": { "svg.js": "^2.6.5", "svg.select.js": "^2.1.2" } }, "sha512-9k5sXJuPKp+mVzXNvxz7U0uC9oVMQrrf7cFsETznzUDDm0x8+77dtZkWdMfRlmbkEEYvUn9btKuZ3n41oNA+uw=="],

    "svg.select.js": ["svg.select.js@3.0.1", "", { "dependencies": { "svg.js": "^2.6.5" } }, "sha512-h5IS/hKkuVCbKSieR9uQCj9w+zLHoPh+ce19bBYyqF53g6mnPB8sAtIbe1s9dh2S2fCmYX2xel1Ln3PJBbK4kw=="],

    "tailwind-merge": ["tailwind-merge@2.6.0", "", {}, "sha512-P+Vu1qXfzediirmHOC3xKGAYeZtPcV9g76X+xg2FD4tYgR71ewMA35Y3sCz3zhiN/dwefRpJX0yBcgwi1fXNQA=="],

    "tailwindcss": ["tailwindcss@4.0.15", "", {}, "sha512-6ZMg+hHdMJpjpeCCFasX7K+U615U9D+7k5/cDK/iRwl6GptF24+I/AbKgOnXhVKePzrEyIXutLv36n4cRsq3Sg=="],

    "tapable": ["tapable@2.2.1", "", {}, "sha512-GNzQvQTOIP6RyTfE2Qxb8ZVlNmw0n88vp1szwWRimP02mnTsx3Wtn5qRdqY9w2XduFNUgvOwhNnQsjwCp+kqaQ=="],

    "tar": ["tar@6.2.1", "", { "dependencies": { "chownr": "^2.0.0", "fs-minipass": "^2.0.0", "minipass": "^5.0.0", "minizlib": "^2.1.1", "mkdirp": "^1.0.3", "yallist": "^4.0.0" } }, "sha512-DZ4yORTwrbTj/7MZYq2w+/ZFdI6OZ/f9SFHR+71gIVUZhOQPHzVCLpvRnPgyaMpfWxxk/4ONva3GQSyNIKRv6A=="],

    "tinyexec": ["tinyexec@0.3.2", "", {}, "sha512-KQQR9yN7R5+OSwaK0XQoj22pwHoTlgYqmUscPYoknOoWCWfj/5/ABTMRi69FrKU5ffPVh5QcFikpWJI/P1ocHA=="],

    "totalist": ["totalist@3.0.1", "", {}, "sha512-sf4i37nQ2LBx4m3wB74y+ubopq6W/dIzXg0FDGjsYnZHVa1Da8FH853wlL2gtUhg+xJXjfk3kUZS3BRoQeoQBQ=="],

    "typescript": ["typescript@5.8.2", "", { "bin": { "tsc": "bin/tsc", "tsserver": "bin/tsserver" } }, "sha512-aJn6wq13/afZp/jT9QZmwEjDqqvSGp1VT5GVg+f/t6/oVyrgXM6BY1h9BRh/O5p3PlUPAe+WuiEZOmb/49RqoQ=="],

    "ufo": ["ufo@1.5.4", "", {}, "sha512-UsUk3byDzKd04EyoZ7U4DOlxQaD14JUKQl6/P7wiX4FNvUfm3XL246n9W5AmqwW5RSFJ27NAuM0iLscAOYUiGQ=="],

    "uglify-js": ["uglify-js@3.19.3", "", { "bin": { "uglifyjs": "bin/uglifyjs" } }, "sha512-v3Xu+yuwBXisp6QYTcH4UbH+xYJXqnq2m/LtQVWKWzYc1iehYnLixoQDN9FH6/j9/oybfd6W9Ghwkl8+UMKTKQ=="],

    "vite": ["vite@6.2.2", "", { "dependencies": { "esbuild": "^0.25.0", "postcss": "^8.5.3", "rollup": "^4.30.1" }, "optionalDependencies": { "fsevents": "~2.3.3" }, "peerDependencies": { "@types/node": "^18.0.0 || ^20.0.0 || >=22.0.0", "jiti": ">=1.21.0", "less": "*", "lightningcss": "^1.21.0", "sass": "*", "sass-embedded": "*", "stylus": "*", "sugarss": "*", "terser": "^5.16.0", "tsx": "^4.8.1", "yaml": "^2.4.2" }, "optionalPeers": ["@types/node", "jiti", "less", "lightningcss", "sass", "sass-embedded", "stylus", "sugarss", "terser", "tsx", "yaml"], "bin": { "vite": "bin/vite.js" } }, "sha512-yW7PeMM+LkDzc7CgJuRLMW2Jz0FxMOsVJ8Lv3gpgW9WLcb9cTW+121UEr1hvmfR7w3SegR5ItvYyzVz1vxNJgQ=="],

    "vitefu": ["vitefu@1.0.5", "", { "peerDependencies": { "vite": "^3.0.0 || ^4.0.0 || ^5.0.0 || ^6.0.0" }, "optionalPeers": ["vite"] }, "sha512-h4Vflt9gxODPFNGPwp4zAMZRpZR7eslzwH2c5hn5kNZ5rhnKyRJ50U+yGCdc2IRaBs8O4haIgLNGrV5CrpMsCA=="],

    "vscode-jsonrpc": ["vscode-jsonrpc@8.2.0", "", {}, "sha512-C+r0eKJUIfiDIfwJhria30+TYWPtuHJXHtI7J0YlOmKAo7ogxP20T0zxB7HZQIFhIyvoBPwWskjxrvAtfjyZfA=="],

    "vscode-languageserver-protocol": ["vscode-languageserver-protocol@3.17.5", "", { "dependencies": { "vscode-jsonrpc": "8.2.0", "vscode-languageserver-types": "3.17.5" } }, "sha512-mb1bvRJN8SVznADSGWM9u/b07H7Ecg0I3OgXDuLdn307rl/J3A9YD6/eYOssqhecL27hK1IPZAsaqh00i/Jljg=="],

    "vscode-languageserver-textdocument": ["vscode-languageserver-textdocument@1.0.12", "", {}, "sha512-cxWNPesCnQCcMPeenjKKsOCKQZ/L6Tv19DTRIGuLWe32lyzWhihGVJ/rcckZXJxfdKCFvRLS3fpBIsV/ZGX4zA=="],

    "vscode-languageserver-types": ["vscode-languageserver-types@3.17.5", "", {}, "sha512-Ld1VelNuX9pdF39h2Hgaeb5hEZM2Z3jUrrMgWQAu82jMtZp7p3vJT3BzToKtZI7NgQssZje5o0zryOrhQvzQAg=="],

    "wordwrap": ["wordwrap@1.0.0", "", {}, "sha512-gvVzJFlPycKc5dZN4yPkP8w7Dc37BtP1yczEneOb4uq34pXZcvrtRTmWV8W+Ume+XCxKgbjM+nevkyFPMybd4Q=="],

    "yallist": ["yallist@4.0.0", "", {}, "sha512-3wdGidZyq5PB084XLES5TpOSRA3wjXAlIWMhum2kRcv/41Sn2emQ0dycQW4uZXLejwKvg6EsvbdlVL+FYEct7A=="],

    "zimmerframe": ["zimmerframe@1.1.2", "", {}, "sha512-rAbqEGa8ovJy4pyBxZM70hg4pE6gDgaQ0Sl9M3enG3I0d6H4XSAM3GeNGLKnsBpuijUow064sf7ww1nutC5/3w=="],

    "@rollup/pluginutils/picomatch": ["picomatch@4.0.2", "", {}, "sha512-M7BAV6Rlcy5u+m6oPhAPFgJTzAioX/6B0DxyvDlo9l8+T3nLKbrczg2WLUyzd45L8RqfUMyGPzekbMvX2Ldkwg=="],

    "flowbite/postcss": ["postcss@8.5.2", "", { "dependencies": { "nanoid": "^3.3.8", "picocolors": "^1.1.1", "source-map-js": "^1.2.1" } }, "sha512-MjOadfU3Ys9KYoX0AdkBlFEF1Vx37uCCeN4ZHnmwm9FfpbsGWMZeBLMmmpY+6Ocqod7mkdZ0DT31OlbsFrLlkA=="],

    "flowbite-datepicker/flowbite": ["flowbite@2.5.2", "", { "dependencies": { "@popperjs/core": "^2.9.3", "flowbite-datepicker": "^1.3.0", "mini-svg-data-uri": "^1.4.3" } }, "sha512-kwFD3n8/YW4EG8GlY3Od9IoKND97kitO+/ejISHSqpn3vw2i5K/+ZI8Jm2V+KC4fGdnfi0XZ+TzYqQb4Q1LshA=="],

    "flowbite-svelte/flowbite": ["flowbite@2.5.2", "", { "dependencies": { "@popperjs/core": "^2.9.3", "flowbite-datepicker": "^1.3.0", "mini-svg-data-uri": "^1.4.3" } }, "sha512-kwFD3n8/YW4EG8GlY3Od9IoKND97kitO+/ejISHSqpn3vw2i5K/+ZI8Jm2V+KC4fGdnfi0XZ+TzYqQb4Q1LshA=="],

    "fs-minipass/minipass": ["minipass@3.3.6", "", { "dependencies": { "yallist": "^4.0.0" } }, "sha512-DxiNidxSEK+tHG6zOIklvNOwm3hvCrbUrdtzY74U6HKTJxvIDfOUL5W5P2Ghd3DTkhhKPYGqeNUIh5qcM4YBfw=="],

    "giget/pathe": ["pathe@2.0.3", "", {}, "sha512-WUjGcAqP1gQacoQe+OBJsFA7Ld4DyXuUIjZ5cc75cLHvJ7dtNsTugphxIADwspS+AraAUePCKrSVtPLFj/F88w=="],

    "minizlib/minipass": ["minipass@3.3.6", "", { "dependencies": { "yallist": "^4.0.0" } }, "sha512-DxiNidxSEK+tHG6zOIklvNOwm3hvCrbUrdtzY74U6HKTJxvIDfOUL5W5P2Ghd3DTkhhKPYGqeNUIh5qcM4YBfw=="],

    "mlly/pathe": ["pathe@2.0.3", "", {}, "sha512-WUjGcAqP1gQacoQe+OBJsFA7Ld4DyXuUIjZ5cc75cLHvJ7dtNsTugphxIADwspS+AraAUePCKrSVtPLFj/F88w=="],

    "nypm/pathe": ["pathe@2.0.3", "", {}, "sha512-WUjGcAqP1gQacoQe+OBJsFA7Ld4DyXuUIjZ5cc75cLHvJ7dtNsTugphxIADwspS+AraAUePCKrSVtPLFj/F88w=="],

    "pkg-types/pathe": ["pathe@2.0.3", "", {}, "sha512-WUjGcAqP1gQacoQe+OBJsFA7Ld4DyXuUIjZ5cc75cLHvJ7dtNsTugphxIADwspS+AraAUePCKrSVtPLFj/F88w=="],

    "svg.resize.js/svg.select.js": ["svg.select.js@2.1.2", "", { "dependencies": { "svg.js": "^2.2.5" } }, "sha512-tH6ABEyJsAOVAhwcCjF8mw4crjXSI1aa7j2VQR8ZuJ37H2MBUbyeqYr5nEO7sSN3cy9AR9DUwNg0t/962HlDbQ=="],
  }
}
